
Microsoft Visual Studio Solution File, Format Version 12.00
# Visual Studio Version 17
VisualStudioVersion = 17.5.33627.172
MinimumVisualStudioVersion = 10.0.40219.1
Project("{FAE04EC0-301F-11D3-BF4B-00C04F79EFBC}") = "EmployeeCRUD", "EmployeeCRUD\EmployeeCRUD.csproj", "{ED6FDD13-AA34-47E9-AFBA-69A2E3F3FBB9}"
EndProject
Global
	GlobalSection(SolutionConfigurationPlatforms) = preSolution
		Debug|Any CPU = Debug|Any CPU
		Release|Any CPU = Release|Any CPU
	EndGlobalSection
	GlobalSection(ProjectConfigurationPlatforms) = postSolution
		{ED6FDD13-AA34-47E9-AFBA-69A2E3F3FBB9}.Debug|Any CPU.ActiveCfg = Debug|Any CPU
		{ED6FDD13-AA34-47E9-AFBA-69A2E3F3FBB9}.Debug|Any CPU.Build.0 = Debug|Any CPU
		{ED6FDD13-AA34-47E9-AFBA-69A2E3F3FBB9}.Release|Any CPU.ActiveCfg = Release|Any CPU
		{ED6FDD13-AA34-47E9-AFBA-69A2E3F3FBB9}.Release|Any CPU.Build.0 = Release|Any CPU
	EndGlobalSection
	GlobalSection(SolutionProperties) = preSolution
		HideSolutionNode = FALSE
	EndGlobalSection
	GlobalSection(ExtensibilityGlobals) = postSolution
		SolutionGuid = {2CB601B2-5BCB-48CF-BA97-7F0ECCD54BAA}
	EndGlobalSection
EndGlobal
